
Microsoft Visual Studio Solution File, Format Version 12.00
# Visual Studio Version 16
VisualStudioVersion = 16.0.30621.155
MinimumVisualStudioVersion = 10.0.40219.1
Project("{FAE04EC0-301F-11D3-BF4B-00C04F79EFBC}") = "APT", "APT\APT.csproj", "{A3D88867-537F-41C2-8290-174FF138C636}"
EndProject
Global
	GlobalSection(SolutionConfigurationPlatforms) = preSolution
		Debug|Any CPU = Debug|Any CPU
		Release|Any CPU = Release|Any CPU
	EndGlobalSection
	GlobalSection(ProjectConfigurationPlatforms) = postSolution
		{A3D88867-537F-41C2-8290-174FF138C636}.Debug|Any CPU.ActiveCfg = Debug|Any CPU
		{A3D88867-537F-41C2-8290-174FF138C636}.Debug|Any CPU.Build.0 = Debug|Any CPU
		{A3D88867-537F-41C2-8290-174FF138C636}.Release|Any CPU.ActiveCfg = Release|Any CPU
		{A3D88867-537F-41C2-8290-174FF138C636}.Release|Any CPU.Build.0 = Release|Any CPU
	EndGlobalSection
	GlobalSection(SolutionProperties) = preSolution
		HideSolutionNode = FALSE
	EndGlobalSection
	GlobalSection(ExtensibilityGlobals) = postSolution
		SolutionGuid = {785BC4B9-0309-4102-B275-06C04E5CABA6}
	EndGlobalSection
EndGlobal
